
Microsoft Visual Studio Solution File, Format Version 12.00
# Visual Studio Version 17
VisualStudioVersion = 17.14.36408.4 d17.14
MinimumVisualStudioVersion = 10.0.40219.1
Project("{FAE04EC0-301F-11D3-BF4B-00C04F79EFBC}") = "DDD", "DDD\DDD.csproj", "{C349D528-859C-4020-8274-20F1ED7BB413}"
EndProject
Global
	GlobalSection(SolutionConfigurationPlatforms) = preSolution
		Debug|Any CPU = Debug|Any CPU
		Release|Any CPU = Release|Any CPU
	EndGlobalSection
	GlobalSection(ProjectConfigurationPlatforms) = postSolution
		{C349D528-859C-4020-8274-20F1ED7BB413}.Debug|Any CPU.ActiveCfg = Debug|Any CPU
		{C349D528-859C-4020-8274-20F1ED7BB413}.Debug|Any CPU.Build.0 = Debug|Any CPU
		{C349D528-859C-4020-8274-20F1ED7BB413}.Release|Any CPU.ActiveCfg = Release|Any CPU
		{C349D528-859C-4020-8274-20F1ED7BB413}.Release|Any CPU.Build.0 = Release|Any CPU
	EndGlobalSection
	GlobalSection(SolutionProperties) = preSolution
		HideSolutionNode = FALSE
	EndGlobalSection
	GlobalSection(ExtensibilityGlobals) = postSolution
		SolutionGuid = {C7CF38EC-6EDF-44D2-9E7C-76E9ECE581ED}
	EndGlobalSection
EndGlobal
